{
  "name": "p7d-markdown-it-footnote-here",
  "version": "0.2.1",
  "lockfileVersion": 2,
  "requires": true,
  "packages": {
    "": {
      "name": "p7d-markdown-it-footnote-here",
      "version": "0.2.1",
      "dependencies": {
        "@peaceroad/markdown-it-footnote-here": "^0.1.0"
      },
      "engines": {
        "vscode": "^1.57.0"
      }
    },
    "node_modules/@peaceroad/markdown-it-footnote-here": {
      "version": "0.1.0",
      "resolved": "https://registry.npmjs.org/@peaceroad/markdown-it-footnote-here/-/markdown-it-footnote-here-0.1.0.tgz",
      "integrity": "sha512-oORSftPW7A2jducf1FSobjGoTCBFt8y3RynwOh2NDuKbt9Ot4AtMYaGMeWpc9ufgkn+Gi0AlctwGhvHnft5Urw=="
    }
  },
  "dependencies": {
    "@peaceroad/markdown-it-footnote-here": {
      "version": "0.1.0",
      "resolved": "https://registry.npmjs.org/@peaceroad/markdown-it-footnote-here/-/markdown-it-footnote-here-0.1.0.tgz",
      "integrity": "sha512-oORSftPW7A2jducf1FSobjGoTCBFt8y3RynwOh2NDuKbt9Ot4AtMYaGMeWpc9ufgkn+Gi0AlctwGhvHnft5Urw=="
    }
  }
}
